
Microsoft Visual Studio Solution File, Format Version 12.00
# Visual Studio Version 17
VisualStudioVersion = 17.9.34728.123
MinimumVisualStudioVersion = 10.0.40219.1
Project("{FAE04EC0-301F-11D3-BF4B-00C04F79EFBC}") = "android-dotnet-server", "android-dotnet-server\android-dotnet-server.csproj", "{BE6EFC47-7EFE-4A71-8EE4-8DB6092924DC}"
EndProject
Global
	GlobalSection(SolutionConfigurationPlatforms) = preSolution
		Debug|Any CPU = Debug|Any CPU
		Release|Any CPU = Release|Any CPU
	EndGlobalSection
	GlobalSection(ProjectConfigurationPlatforms) = postSolution
		{BE6EFC47-7EFE-4A71-8EE4-8DB6092924DC}.Debug|Any CPU.ActiveCfg = Debug|Any CPU
		{BE6EFC47-7EFE-4A71-8EE4-8DB6092924DC}.Debug|Any CPU.Build.0 = Debug|Any CPU
		{BE6EFC47-7EFE-4A71-8EE4-8DB6092924DC}.Release|Any CPU.ActiveCfg = Release|Any CPU
		{BE6EFC47-7EFE-4A71-8EE4-8DB6092924DC}.Release|Any CPU.Build.0 = Release|Any CPU
	EndGlobalSection
	GlobalSection(SolutionProperties) = preSolution
		HideSolutionNode = FALSE
	EndGlobalSection
	GlobalSection(ExtensibilityGlobals) = postSolution
		SolutionGuid = {F1575C2E-D448-49E0-ACF9-035D9CF0798A}
	EndGlobalSection
EndGlobal
