
Microsoft Visual Studio Solution File, Format Version 12.00
# Visual Studio Version 17
VisualStudioVersion = 17.9.34728.123
MinimumVisualStudioVersion = 10.0.40219.1
Project("{FAE04EC0-301F-11D3-BF4B-00C04F79EFBC}") = "TestServer2", "TestServer2\TestServer2.csproj", "{9DC14B03-3276-4019-8C29-10EE632367C8}"
EndProject
Global
	GlobalSection(SolutionConfigurationPlatforms) = preSolution
		Debug|Any CPU = Debug|Any CPU
		Release|Any CPU = Release|Any CPU
	EndGlobalSection
	GlobalSection(ProjectConfigurationPlatforms) = postSolution
		{9DC14B03-3276-4019-8C29-10EE632367C8}.Debug|Any CPU.ActiveCfg = Debug|Any CPU
		{9DC14B03-3276-4019-8C29-10EE632367C8}.Debug|Any CPU.Build.0 = Debug|Any CPU
		{9DC14B03-3276-4019-8C29-10EE632367C8}.Release|Any CPU.ActiveCfg = Release|Any CPU
		{9DC14B03-3276-4019-8C29-10EE632367C8}.Release|Any CPU.Build.0 = Release|Any CPU
	EndGlobalSection
	GlobalSection(SolutionProperties) = preSolution
		HideSolutionNode = FALSE
	EndGlobalSection
	GlobalSection(ExtensibilityGlobals) = postSolution
		SolutionGuid = {F0866D4B-FF83-4918-A93B-57FF01716C26}
	EndGlobalSection
EndGlobal
